
Microsoft Visual Studio Solution File, Format Version 12.00
# Visual Studio Version 17
VisualStudioVersion = 17.3.32811.315
MinimumVisualStudioVersion = 10.0.40219.1
Project("{9A19103F-16F7-4668-BE54-9A1E7A4F7556}") = "WilsonsAlgorithm.Models", "WilsonsAlgorithm.Models\WilsonsAlgorithm.Models.csproj", "{1528002E-A919-499D-B096-548424408EF6}"
EndProject
Project("{FAE04EC0-301F-11D3-BF4B-00C04F79EFBC}") = "WilsonsAlgorithm.Services", "WilsonsAlgorithm.Services\WilsonsAlgorithm.Services.csproj", "{B8A8D28C-C235-4A5E-A9C5-800D6EE5D9F7}"
EndProject
Global
	GlobalSection(SolutionConfigurationPlatforms) = preSolution
		Debug|Any CPU = Debug|Any CPU
		Release|Any CPU = Release|Any CPU
	EndGlobalSection
	GlobalSection(ProjectConfigurationPlatforms) = postSolution
		{1528002E-A919-499D-B096-548424408EF6}.Debug|Any CPU.ActiveCfg = Debug|Any CPU
		{1528002E-A919-499D-B096-548424408EF6}.Debug|Any CPU.Build.0 = Debug|Any CPU
		{1528002E-A919-499D-B096-548424408EF6}.Release|Any CPU.ActiveCfg = Release|Any CPU
		{1528002E-A919-499D-B096-548424408EF6}.Release|Any CPU.Build.0 = Release|Any CPU
		{B8A8D28C-C235-4A5E-A9C5-800D6EE5D9F7}.Debug|Any CPU.ActiveCfg = Debug|Any CPU
		{B8A8D28C-C235-4A5E-A9C5-800D6EE5D9F7}.Debug|Any CPU.Build.0 = Debug|Any CPU
		{B8A8D28C-C235-4A5E-A9C5-800D6EE5D9F7}.Release|Any CPU.ActiveCfg = Release|Any CPU
		{B8A8D28C-C235-4A5E-A9C5-800D6EE5D9F7}.Release|Any CPU.Build.0 = Release|Any CPU
	EndGlobalSection
	GlobalSection(SolutionProperties) = preSolution
		HideSolutionNode = FALSE
	EndGlobalSection
	GlobalSection(ExtensibilityGlobals) = postSolution
		SolutionGuid = {C1AB6C58-FCC9-48FF-985C-593EFB1435B3}
	EndGlobalSection
EndGlobal
